
Microsoft Visual Studio Solution File, Format Version 12.00
# Visual Studio Version 16
VisualStudioVersion = 16.0.29613.14
MinimumVisualStudioVersion = 10.0.40219.1
Project("{FAE04EC0-301F-11D3-BF4B-00C04F79EFBC}") = "MarsRover.ConsoleApp", "MarsRover.ConsoleApp\MarsRover.ConsoleApp.csproj", "{5C5E20D2-9C0F-4933-AE48-D18418F5F398}"
EndProject
Project("{FAE04EC0-301F-11D3-BF4B-00C04F79EFBC}") = "MarsRover.UnitTestProject", "MarsRover.UnitTestProject\MarsRover.UnitTestProject.csproj", "{4F415B33-26F6-4F62-B3AB-135A289012BE}"
EndProject
Project("{FAE04EC0-301F-11D3-BF4B-00C04F79EFBC}") = "MarsRover.Domain", "MarsRover.Domain\MarsRover.Domain.csproj", "{A5886425-BA32-4B40-BEAD-138ED7482602}"
EndProject
Global
	GlobalSection(SolutionConfigurationPlatforms) = preSolution
		Debug|Any CPU = Debug|Any CPU
		Release|Any CPU = Release|Any CPU
	EndGlobalSection
	GlobalSection(ProjectConfigurationPlatforms) = postSolution
		{5C5E20D2-9C0F-4933-AE48-D18418F5F398}.Debug|Any CPU.ActiveCfg = Debug|Any CPU
		{5C5E20D2-9C0F-4933-AE48-D18418F5F398}.Debug|Any CPU.Build.0 = Debug|Any CPU
		{5C5E20D2-9C0F-4933-AE48-D18418F5F398}.Release|Any CPU.ActiveCfg = Release|Any CPU
		{5C5E20D2-9C0F-4933-AE48-D18418F5F398}.Release|Any CPU.Build.0 = Release|Any CPU
		{4F415B33-26F6-4F62-B3AB-135A289012BE}.Debug|Any CPU.ActiveCfg = Debug|Any CPU
		{4F415B33-26F6-4F62-B3AB-135A289012BE}.Debug|Any CPU.Build.0 = Debug|Any CPU
		{4F415B33-26F6-4F62-B3AB-135A289012BE}.Release|Any CPU.ActiveCfg = Release|Any CPU
		{4F415B33-26F6-4F62-B3AB-135A289012BE}.Release|Any CPU.Build.0 = Release|Any CPU
		{A5886425-BA32-4B40-BEAD-138ED7482602}.Debug|Any CPU.ActiveCfg = Debug|Any CPU
		{A5886425-BA32-4B40-BEAD-138ED7482602}.Debug|Any CPU.Build.0 = Debug|Any CPU
		{A5886425-BA32-4B40-BEAD-138ED7482602}.Release|Any CPU.ActiveCfg = Release|Any CPU
		{A5886425-BA32-4B40-BEAD-138ED7482602}.Release|Any CPU.Build.0 = Release|Any CPU
	EndGlobalSection
	GlobalSection(SolutionProperties) = preSolution
		HideSolutionNode = FALSE
	EndGlobalSection
	GlobalSection(ExtensibilityGlobals) = postSolution
		SolutionGuid = {7BD1D43D-8654-4FC9-A4E0-8F9D434CBA41}
	EndGlobalSection
EndGlobal
